// !$*UTF8*$!
{
	archiveVersion = 1;
	classes = {
	};
	objectVersion = 50;
	objects = {

/* Begin PBXBuildFile section */
		591E3504289CF0B000F07A77 /* TableViewController.swift in Sources */ = {isa = PBXBuildFile; fileRef = 591E3503289CF0B000F07A77 /* TableViewController.swift */; };
		59B234C5289BAFDF00300C20 /* AppDelegate.swift in Sources */ = {isa = PBXBuildFile; fileRef = 59B234C4289BAFDF00300C20 /* AppDelegate.swift */; };
		59B234C7289BAFDF00300C20 /* SceneDelegate.swift in Sources */ = {isa = PBXBuildFile; fileRef = 59B234C6289BAFDF00300C20 /* SceneDelegate.swift */; };
		59B234C9289BAFDF00300C20 /* ViewController.swift in Sources */ = {isa = PBXBuildFile; fileRef = 59B234C8289BAFDF00300C20 /* ViewController.swift */; };
		59B234CC289BAFDF00300C20 /* Main.storyboard in Resources */ = {isa = PBXBuildFile; fileRef = 59B234CA289BAFDF00300C20 /* Main.storyboard */; };
		59B234CE289BAFE400300C20 /* Assets.xcassets in Resources */ = {isa = PBXBuildFile; fileRef = 59B234CD289BAFE400300C20 /* Assets.xcassets */; };
		59B234D1289BAFE400300C20 /* LaunchScreen.storyboard in Resources */ = {isa = PBXBuildFile; fileRef = 59B234CF289BAFE400300C20 /* LaunchScreen.storyboard */; };
		59B234D9289BB29100300C20 /* CustomCell.swift in Sources */ = {isa = PBXBuildFile; fileRef = 59B234D8289BB29100300C20 /* CustomCell.swift */; };
		59B234DE289BC27800300C20 /* ForecastManager.swift in Sources */ = {isa = PBXBuildFile; fileRef = 59B234DD289BC27800300C20 /* ForecastManager.swift */; };
		59B234E0289BC2BA00300C20 /* ForecastModel.swift in Sources */ = {isa = PBXBuildFile; fileRef = 59B234DF289BC2BA00300C20 /* ForecastModel.swift */; };
		59B234E2289BEF5700300C20 /* WeatherModel.swift in Sources */ = {isa = PBXBuildFile; fileRef = 59B234E1289BEF5700300C20 /* WeatherModel.swift */; };
		59B234E4289BEFB600300C20 /* WeatherManager.swift in Sources */ = {isa = PBXBuildFile; fileRef = 59B234E3289BEFB600300C20 /* WeatherManager.swift */; };
/* End PBXBuildFile section */

/* Begin PBXFileReference section */
		591E3503289CF0B000F07A77 /* TableViewController.swift */ = {isa = PBXFileReference; lastKnownFileType = sourcecode.swift; path = TableViewController.swift; sourceTree = "<group>"; };
		59B234C1289BAFDF00300C20 /* Open Weather.app */ = {isa = PBXFileReference; explicitFileType = wrapper.application; includeInIndex = 0; path = "Open Weather.app"; sourceTree = BUILT_PRODUCTS_DIR; };
		59B234C4289BAFDF00300C20 /* AppDelegate.swift */ = {isa = PBXFileReference; lastKnownFileType = sourcecode.swift; path = AppDelegate.swift; sourceTree = "<group>"; };
		59B234C6289BAFDF00300C20 /* SceneDelegate.swift */ = {isa = PBXFileReference; lastKnownFileType = sourcecode.swift; path = SceneDelegate.swift; sourceTree = "<group>"; };
		59B234C8289BAFDF00300C20 /* ViewController.swift */ = {isa = PBXFileReference; lastKnownFileType = sourcecode.swift; path = ViewController.swift; sourceTree = "<group>"; };
		59B234CB289BAFDF00300C20 /* Base */ = {isa = PBXFileReference; lastKnownFileType = file.storyboard; name = Base; path = Base.lproj/Main.storyboard; sourceTree = "<group>"; };
		59B234CD289BAFE400300C20 /* Assets.xcassets */ = {isa = PBXFileReference; lastKnownFileType = folder.assetcatalog; path = Assets.xcassets; sourceTree = "<group>"; };
		59B234D0289BAFE400300C20 /* Base */ = {isa = PBXFileReference; lastKnownFileType = file.storyboard; name = Base; path = Base.lproj/LaunchScreen.storyboard; sourceTree = "<group>"; };
		59B234D2289BAFE400300C20 /* Info.plist */ = {isa = PBXFileReference; lastKnownFileType = text.plist.xml; path = Info.plist; sourceTree = "<group>"; };
		59B234D8289BB29100300C20 /* CustomCell.swift */ = {isa = PBXFileReference; lastKnownFileType = sourcecode.swift; path = CustomCell.swift; sourceTree = "<group>"; };
		59B234DD289BC27800300C20 /* ForecastManager.swift */ = {isa = PBXFileReference; lastKnownFileType = sourcecode.swift; path = ForecastManager.swift; sourceTree = "<group>"; };
		59B234DF289BC2BA00300C20 /* ForecastModel.swift */ = {isa = PBXFileReference; lastKnownFileType = sourcecode.swift; path = ForecastModel.swift; sourceTree = "<group>"; };
		59B234E1289BEF5700300C20 /* WeatherModel.swift */ = {isa = PBXFileReference; lastKnownFileType = sourcecode.swift; path = WeatherModel.swift; sourceTree = "<group>"; };
		59B234E3289BEFB600300C20 /* WeatherManager.swift */ = {isa = PBXFileReference; lastKnownFileType = sourcecode.swift; path = WeatherManager.swift; sourceTree = "<group>"; };
/* End PBXFileReference section */

/* Begin PBXFrameworksBuildPhase section */
		59B234BE289BAFDF00300C20 /* Frameworks */ = {
			isa = PBXFrameworksBuildPhase;
			buildActionMask = 2147483647;
			files = (
			);
			runOnlyForDeploymentPostprocessing = 0;
		};
/* End PBXFrameworksBuildPhase section */

/* Begin PBXGroup section */
		59B234B8289BAFDF00300C20 = {
			isa = PBXGroup;
			children = (
				59B234C3289BAFDF00300C20 /* Weather_Task */,
				59B234C2289BAFDF00300C20 /* Products */,
			);
			sourceTree = "<group>";
		};
		59B234C2289BAFDF00300C20 /* Products */ = {
			isa = PBXGroup;
			children = (
				59B234C1289BAFDF00300C20 /* Open Weather.app */,
			);
			name = Products;
			sourceTree = "<group>";
		};
		59B234C3289BAFDF00300C20 /* Weather_Task */ = {
			isa = PBXGroup;
			children = (
				59B234DB289BBA8E00300C20 /* Model */,
				59B234DC289BBA9700300C20 /* View */,
				59B234DA289BBA7F00300C20 /* Controller */,
				59B234C4289BAFDF00300C20 /* AppDelegate.swift */,
				59B234C6289BAFDF00300C20 /* SceneDelegate.swift */,
				59B234CD289BAFE400300C20 /* Assets.xcassets */,
				59B234CF289BAFE400300C20 /* LaunchScreen.storyboard */,
				59B234D2289BAFE400300C20 /* Info.plist */,
			);
			path = Weather_Task;
			sourceTree = "<group>";
		};
		59B234DA289BBA7F00300C20 /* Controller */ = {
			isa = PBXGroup;
			children = (
				591E3503289CF0B000F07A77 /* TableViewController.swift */,
				59B234C8289BAFDF00300C20 /* ViewController.swift */,
			);
			path = Controller;
			sourceTree = "<group>";
		};
		59B234DB289BBA8E00300C20 /* Model */ = {
			isa = PBXGroup;
			children = (
				59B234DD289BC27800300C20 /* ForecastManager.swift */,
				59B234DF289BC2BA00300C20 /* ForecastModel.swift */,
				59B234E3289BEFB600300C20 /* WeatherManager.swift */,
				59B234E1289BEF5700300C20 /* WeatherModel.swift */,
			);
			path = Model;
			sourceTree = "<group>";
		};
		59B234DC289BBA9700300C20 /* View */ = {
			isa = PBXGroup;
			children = (
				59B234CA289BAFDF00300C20 /* Main.storyboard */,
				59B234D8289BB29100300C20 /* CustomCell.swift */,
			);
			path = View;
			sourceTree = "<group>";
		};
/* End PBXGroup section */

/* Begin PBXNativeTarget section */
		59B234C0289BAFDF00300C20 /* Weather_Task */ = {
			isa = PBXNativeTarget;
			buildConfigurationList = 59B234D5289BAFE400300C20 /* Build configuration list for PBXNativeTarget "Weather_Task" */;
			buildPhases = (
				59B234BD289BAFDF00300C20 /* Sources */,
				59B234BE289BAFDF00300C20 /* Frameworks */,
				59B234BF289BAFDF00300C20 /* Resources */,
			);
			buildRules = (
			);
			dependencies = (
			);
			name = Weather_Task;
			productName = Weather_Task;
			productReference = 59B234C1289BAFDF00300C20 /* Open Weather.app */;
			productType = "com.apple.product-type.application";
		};
/* End PBXNativeTarget section */

/* Begin PBXProject section */
		59B234B9289BAFDF00300C20 /* Project object */ = {
			isa = PBXProject;
			attributes = {
				LastSwiftUpdateCheck = 1130;
				LastUpgradeCheck = 1130;
				ORGANIZATIONNAME = "Пользователь";
				TargetAttributes = {
					59B234C0289BAFDF00300C20 = {
						CreatedOnToolsVersion = 11.3.1;
					};
				};
			};
			buildConfigurationList = 59B234BC289BAFDF00300C20 /* Build configuration list for PBXProject "Weather_Task" */;
			compatibilityVersion = "Xcode 9.3";
			developmentRegion = en;
			hasScannedForEncodings = 0;
			knownRegions = (
				en,
				Base,
			);
			mainGroup = 59B234B8289BAFDF00300C20;
			productRefGroup = 59B234C2289BAFDF00300C20 /* Products */;
			projectDirPath = "";
			projectRoot = "";
			targets = (
				59B234C0289BAFDF00300C20 /* Weather_Task */,
			);
		};
/* End PBXProject section */

/* Begin PBXResourcesBuildPhase section */
		59B234BF289BAFDF00300C20 /* Resources */ = {
			isa = PBXResourcesBuildPhase;
			buildActionMask = 2147483647;
			files = (
				59B234D1289BAFE400300C20 /* LaunchScreen.storyboard in Resources */,
				59B234CE289BAFE400300C20 /* Assets.xcassets in Resources */,
				59B234CC289BAFDF00300C20 /* Main.storyboard in Resources */,
			);
			runOnlyForDeploymentPostprocessing = 0;
		};
/* End PBXResourcesBuildPhase section */

/* Begin PBXSourcesBuildPhase section */
		59B234BD289BAFDF00300C20 /* Sources */ = {
			isa = PBXSourcesBuildPhase;
			buildActionMask = 2147483647;
			files = (
				59B234C9289BAFDF00300C20 /* ViewController.swift in Sources */,
				59B234C5289BAFDF00300C20 /* AppDelegate.swift in Sources */,
				59B234E4289BEFB600300C20 /* WeatherManager.swift in Sources */,
				59B234D9289BB29100300C20 /* CustomCell.swift in Sources */,
				59B234E2289BEF5700300C20 /* WeatherModel.swift in Sources */,
				59B234C7289BAFDF00300C20 /* SceneDelegate.swift in Sources */,
				59B234E0289BC2BA00300C20 /* ForecastModel.swift in Sources */,
				591E3504289CF0B000F07A77 /* TableViewController.swift in Sources */,
				59B234DE289BC27800300C20 /* ForecastManager.swift in Sources */,
			);
			runOnlyForDeploymentPostprocessing = 0;
		};
/* End PBXSourcesBuildPhase section */

/* Begin PBXVariantGroup section */
		59B234CA289BAFDF00300C20 /* Main.storyboard */ = {
			isa = PBXVariantGroup;
			children = (
				59B234CB289BAFDF00300C20 /* Base */,
			);
			name = Main.storyboard;
			sourceTree = "<group>";
		};
		59B234CF289BAFE400300C20 /* LaunchScreen.storyboard */ = {
			isa = PBXVariantGroup;
			children = (
				59B234D0289BAFE400300C20 /* Base */,
			);
			name = LaunchScreen.storyboard;
			sourceTree = "<group>";
		};
/* End PBXVariantGroup section */

/* Begin XCBuildConfiguration section */
		59B234D3289BAFE400300C20 /* Debug */ = {
			isa = XCBuildConfiguration;
			buildSettings = {
				ALWAYS_SEARCH_USER_PATHS = NO;
				CLANG_ANALYZER_NONNULL = YES;
				CLANG_ANALYZER_NUMBER_OBJECT_CONVERSION = YES_AGGRESSIVE;
				CLANG_CXX_LANGUAGE_STANDARD = "gnu++14";
				CLANG_CXX_LIBRARY = "libc++";
				CLANG_ENABLE_MODULES = YES;
				CLANG_ENABLE_OBJC_ARC = YES;
				CLANG_ENABLE_OBJC_WEAK = YES;
				CLANG_WARN_BLOCK_CAPTURE_AUTORELEASING = YES;
				CLANG_WARN_BOOL_CONVERSION = YES;
				CLANG_WARN_COMMA = YES;
				CLANG_WARN_CONSTANT_CONVERSION = YES;
				CLANG_WARN_DEPRECATED_OBJC_IMPLEMENTATIONS = YES;
				CLANG_WARN_DIRECT_OBJC_ISA_USAGE = YES_ERROR;
				CLANG_WARN_DOCUMENTATION_COMMENTS = YES;
				CLANG_WARN_EMPTY_BODY = YES;
				CLANG_WARN_ENUM_CONVERSION = YES;
				CLANG_WARN_INFINITE_RECURSION = YES;
				CLANG_WARN_INT_CONVERSION = YES;
				CLANG_WARN_NON_LITERAL_NULL_CONVERSION = YES;
				CLANG_WARN_OBJC_IMPLICIT_RETAIN_SELF = YES;
				CLANG_WARN_OBJC_LITERAL_CONVERSION = YES;
				CLANG_WARN_OBJC_ROOT_CLASS = YES_ERROR;
				CLANG_WARN_RANGE_LOOP_ANALYSIS = YES;
				CLANG_WARN_STRICT_PROTOTYPES = YES;
				CLANG_WARN_SUSPICIOUS_MOVE = YES;
				CLANG_WARN_UNGUARDED_AVAILABILITY = YES_AGGRESSIVE;
				CLANG_WARN_UNREACHABLE_CODE = YES;
				CLANG_WARN__DUPLICATE_METHOD_MATCH = YES;
				COPY_PHASE_STRIP = NO;
				DEBUG_INFORMATION_FORMAT = dwarf;
				ENABLE_STRICT_OBJC_MSGSEND = YES;
				ENABLE_TESTABILITY = YES;
				GCC_C_LANGUAGE_STANDARD = gnu11;
				GCC_DYNAMIC_NO_PIC = NO;
				GCC_NO_COMMON_BLOCKS = YES;
				GCC_OPTIMIZATION_LEVEL = 0;
				GCC_PREPROCESSOR_DEFINITIONS = (
					"DEBUG=1",
					"$(inherited)",
				);
				GCC_WARN_64_TO_32_BIT_CONVERSION = YES;
				GCC_WARN_ABOUT_RETURN_TYPE = YES_ERROR;
				GCC_WARN_UNDECLARED_SELECTOR = YES;
				GCC_WARN_UNINITIALIZED_AUTOS = YES_AGGRESSIVE;
				GCC_WARN_UNUSED_FUNCTION = YES;
				GCC_WARN_UNUSED_VARIABLE = YES;
				IPHONEOS_DEPLOYMENT_TARGET = 13.2;
				MTL_ENABLE_DEBUG_INFO = INCLUDE_SOURCE;
				MTL_FAST_MATH = YES;
				ONLY_ACTIVE_ARCH = YES;
				SDKROOT = iphoneos;
				SWIFT_ACTIVE_COMPILATION_CONDITIONS = DEBUG;
				SWIFT_OPTIMIZATION_LEVEL = "-Onone";
			};
			name = Debug;
		};
		59B234D4289BAFE400300C20 /* Release */ = {
			isa = XCBuildConfiguration;
			buildSettings = {
				ALWAYS_SEARCH_USER_PATHS = NO;
				CLANG_ANALYZER_NONNULL = YES;
				CLANG_ANALYZER_NUMBER_OBJECT_CONVERSION = YES_AGGRESSIVE;
				CLANG_CXX_LANGUAGE_STANDARD = "gnu++14";
				CLANG_CXX_LIBRARY = "libc++";
				CLANG_ENABLE_MODULES = YES;
				CLANG_ENABLE_OBJC_ARC = YES;
				CLANG_ENABLE_OBJC_WEAK = YES;
				CLANG_WARN_BLOCK_CAPTURE_AUTORELEASING = YES;
				CLANG_WARN_BOOL_CONVERSION = YES;
				CLANG_WARN_COMMA = YES;
				CLANG_WARN_CONSTANT_CONVERSION = YES;
				CLANG_WARN_DEPRECATED_OBJC_IMPLEMENTATIONS = YES;
				CLANG_WARN_DIRECT_OBJC_ISA_USAGE = YES_ERROR;
				CLANG_WARN_DOCUMENTATION_COMMENTS = YES;
				CLANG_WARN_EMPTY_BODY = YES;
				CLANG_WARN_ENUM_CONVERSION = YES;
				CLANG_WARN_INFINITE_RECURSION = YES;
				CLANG_WARN_INT_CONVERSION = YES;
				CLANG_WARN_NON_LITERAL_NULL_CONVERSION = YES;
				CLANG_WARN_OBJC_IMPLICIT_RETAIN_SELF = YES;
				CLANG_WARN_OBJC_LITERAL_CONVERSION = YES;
				CLANG_WARN_OBJC_ROOT_CLASS = YES_ERROR;
				CLANG_WARN_RANGE_LOOP_ANALYSIS = YES;
				CLANG_WARN_STRICT_PROTOTYPES = YES;
				CLANG_WARN_SUSPICIOUS_MOVE = YES;
				CLANG_WARN_UNGUARDED_AVAILABILITY = YES_AGGRESSIVE;
				CLANG_WARN_UNREACHABLE_CODE = YES;
				CLANG_WARN__DUPLICATE_METHOD_MATCH = YES;
				COPY_PHASE_STRIP = NO;
				DEBUG_INFORMATION_FORMAT = "dwarf-with-dsym";
				ENABLE_NS_ASSERTIONS = NO;
				ENABLE_STRICT_OBJC_MSGSEND = YES;
				GCC_C_LANGUAGE_STANDARD = gnu11;
				GCC_NO_COMMON_BLOCKS = YES;
				GCC_WARN_64_TO_32_BIT_CONVERSION = YES;
				GCC_WARN_ABOUT_RETURN_TYPE = YES_ERROR;
				GCC_WARN_UNDECLARED_SELECTOR = YES;
				GCC_WARN_UNINITIALIZED_AUTOS = YES_AGGRESSIVE;
				GCC_WARN_UNUSED_FUNCTION = YES;
				GCC_WARN_UNUSED_VARIABLE = YES;
				IPHONEOS_DEPLOYMENT_TARGET = 13.2;
				MTL_ENABLE_DEBUG_INFO = NO;
				MTL_FAST_MATH = YES;
				SDKROOT = iphoneos;
				SWIFT_COMPILATION_MODE = wholemodule;
				SWIFT_OPTIMIZATION_LEVEL = "-O";
				VALIDATE_PRODUCT = YES;
			};
			name = Release;
		};
		59B234D6289BAFE400300C20 /* Debug */ = {
			isa = XCBuildConfiguration;
			buildSettings = {
				ASSETCATALOG_COMPILER_APPICON_NAME = AppIcon;
				CODE_SIGN_STYLE = Automatic;
				DEVELOPMENT_TEAM = J5RS3T7663;
				INFOPLIST_FILE = Weather_Task/Info.plist;
				LD_RUNPATH_SEARCH_PATHS = (
					"$(inherited)",
					"@executable_path/Frameworks",
				);
				PRODUCT_BUNDLE_IDENTIFIER = "me.iurii.kurinnoi.Weather-Task";
				PRODUCT_NAME = "Open Weather";
				SWIFT_VERSION = 5.0;
				TARGETED_DEVICE_FAMILY = "1,2";
			};
			name = Debug;
		};
		59B234D7289BAFE400300C20 /* Release */ = {
			isa = XCBuildConfiguration;
			buildSettings = {
				ASSETCATALOG_COMPILER_APPICON_NAME = AppIcon;
				CODE_SIGN_STYLE = Automatic;
				DEVELOPMENT_TEAM = J5RS3T7663;
				INFOPLIST_FILE = Weather_Task/Info.plist;
				LD_RUNPATH_SEARCH_PATHS = (
					"$(inherited)",
					"@executable_path/Frameworks",
				);
				PRODUCT_BUNDLE_IDENTIFIER = "me.iurii.kurinnoi.Weather-Task";
				PRODUCT_NAME = "Open Weather";
				SWIFT_VERSION = 5.0;
				TARGETED_DEVICE_FAMILY = "1,2";
			};
			name = Release;
		};
/* End XCBuildConfiguration section */

/* Begin XCConfigurationList section */
		59B234BC289BAFDF00300C20 /* Build configuration list for PBXProject "Weather_Task" */ = {
			isa = XCConfigurationList;
			buildConfigurations = (
				59B234D3289BAFE400300C20 /* Debug */,
				59B234D4289BAFE400300C20 /* Release */,
			);
			defaultConfigurationIsVisible = 0;
			defaultConfigurationName = Release;
		};
		59B234D5289BAFE400300C20 /* Build configuration list for PBXNativeTarget "Weather_Task" */ = {
			isa = XCConfigurationList;
			buildConfigurations = (
				59B234D6289BAFE400300C20 /* Debug */,
				59B234D7289BAFE400300C20 /* Release */,
			);
			defaultConfigurationIsVisible = 0;
			defaultConfigurationName = Release;
		};
/* End XCConfigurationList section */
	};
	rootObject = 59B234B9289BAFDF00300C20 /* Project object */;
}
